
Microsoft Visual Studio Solution File, Format Version 12.00
# Visual Studio 15
VisualStudioVersion = 15.0.28307.271
MinimumVisualStudioVersion = 10.0.40219.1
Project("{FAE04EC0-301F-11D3-BF4B-00C04F79EFBC}") = "tictactoeMcGillian", "tictactoeMcGillian\tictactoeMcGillian.csproj", "{ACBE3267-4EA0-4296-AC31-59717F7009EA}"
EndProject
Project("{FAE04EC0-301F-11D3-BF4B-00C04F79EFBC}") = "TicTacTest", "TicTacTest\TicTacTest.csproj", "{8C08CA18-9EB5-44D0-B6F1-32CC6FE7CF07}"
EndProject
Global
	GlobalSection(SolutionConfigurationPlatforms) = preSolution
		Debug|Any CPU = Debug|Any CPU
		Release|Any CPU = Release|Any CPU
	EndGlobalSection
	GlobalSection(ProjectConfigurationPlatforms) = postSolution
		{ACBE3267-4EA0-4296-AC31-59717F7009EA}.Debug|Any CPU.ActiveCfg = Debug|Any CPU
		{ACBE3267-4EA0-4296-AC31-59717F7009EA}.Debug|Any CPU.Build.0 = Debug|Any CPU
		{ACBE3267-4EA0-4296-AC31-59717F7009EA}.Release|Any CPU.ActiveCfg = Release|Any CPU
		{ACBE3267-4EA0-4296-AC31-59717F7009EA}.Release|Any CPU.Build.0 = Release|Any CPU
		{8C08CA18-9EB5-44D0-B6F1-32CC6FE7CF07}.Debug|Any CPU.ActiveCfg = Debug|Any CPU
		{8C08CA18-9EB5-44D0-B6F1-32CC6FE7CF07}.Debug|Any CPU.Build.0 = Debug|Any CPU
		{8C08CA18-9EB5-44D0-B6F1-32CC6FE7CF07}.Release|Any CPU.ActiveCfg = Release|Any CPU
		{8C08CA18-9EB5-44D0-B6F1-32CC6FE7CF07}.Release|Any CPU.Build.0 = Release|Any CPU
	EndGlobalSection
	GlobalSection(SolutionProperties) = preSolution
		HideSolutionNode = FALSE
	EndGlobalSection
	GlobalSection(ExtensibilityGlobals) = postSolution
		SolutionGuid = {D3A74E91-B586-471D-AC6E-7F17A652F5C3}
	EndGlobalSection
EndGlobal
